
Microsoft Visual Studio Solution File, Format Version 12.00
# Visual Studio Version 17
VisualStudioVersion = 17.14.36401.2 d17.14
MinimumVisualStudioVersion = 10.0.40219.1
Project("{FAE04EC0-301F-11D3-BF4B-00C04F79EFBC}") = "CafeBliss", "CafeBliss\CafeBliss.csproj", "{306DEE9A-6718-4991-9481-88F3D8400389}"
EndProject
Global
	GlobalSection(SolutionConfigurationPlatforms) = preSolution
		Debug|Any CPU = Debug|Any CPU
		Release|Any CPU = Release|Any CPU
	EndGlobalSection
	GlobalSection(ProjectConfigurationPlatforms) = postSolution
		{306DEE9A-6718-4991-9481-88F3D8400389}.Debug|Any CPU.ActiveCfg = Debug|Any CPU
		{306DEE9A-6718-4991-9481-88F3D8400389}.Debug|Any CPU.Build.0 = Debug|Any CPU
		{306DEE9A-6718-4991-9481-88F3D8400389}.Release|Any CPU.ActiveCfg = Release|Any CPU
		{306DEE9A-6718-4991-9481-88F3D8400389}.Release|Any CPU.Build.0 = Release|Any CPU
	EndGlobalSection
	GlobalSection(SolutionProperties) = preSolution
		HideSolutionNode = FALSE
	EndGlobalSection
	GlobalSection(ExtensibilityGlobals) = postSolution
		SolutionGuid = {265FED52-03C1-468F-AC5A-3CEBB76BDA5F}
	EndGlobalSection
EndGlobal
